// !$*UTF8*$!
{
	archiveVersion = 1;
	classes = {
	};
	objectVersion = 55;
	objects = {

/* Begin PBXBuildFile section */
		B28583FB28160AB2006C8D33 /* SwiftUI_realm_practicwApp.swift in Sources */ = {isa = PBXBuildFile; fileRef = B28583FA28160AB2006C8D33 /* SwiftUI_realm_practicwApp.swift */; };
		B28583FD28160AB2006C8D33 /* ContentView.swift in Sources */ = {isa = PBXBuildFile; fileRef = B28583FC28160AB2006C8D33 /* ContentView.swift */; };
		B28583FF28160AB3006C8D33 /* Assets.xcassets in Resources */ = {isa = PBXBuildFile; fileRef = B28583FE28160AB3006C8D33 /* Assets.xcassets */; };
		B285840228160AB3006C8D33 /* Preview Assets.xcassets in Resources */ = {isa = PBXBuildFile; fileRef = B285840128160AB3006C8D33 /* Preview Assets.xcassets */; };
		B285840928160AC8006C8D33 /* model.swift in Sources */ = {isa = PBXBuildFile; fileRef = B285840828160AC8006C8D33 /* model.swift */; };
		B285840C28160B3B006C8D33 /* Realm in Frameworks */ = {isa = PBXBuildFile; productRef = B285840B28160B3B006C8D33 /* Realm */; };
		B285840E28160B3B006C8D33 /* RealmSwift in Frameworks */ = {isa = PBXBuildFile; productRef = B285840D28160B3B006C8D33 /* RealmSwift */; };
		B285841028160BA5006C8D33 /* ItemView.swift in Sources */ = {isa = PBXBuildFile; fileRef = B285840F28160BA5006C8D33 /* ItemView.swift */; };
		B285841228160BBD006C8D33 /* ItemRow.swift in Sources */ = {isa = PBXBuildFile; fileRef = B285841128160BBD006C8D33 /* ItemRow.swift */; };
		B285841428160BE7006C8D33 /* ItemDetailsView.swift in Sources */ = {isa = PBXBuildFile; fileRef = B285841328160BE7006C8D33 /* ItemDetailsView.swift */; };
/* End PBXBuildFile section */

/* Begin PBXFileReference section */
		B28583F728160AB2006C8D33 /* SwiftUI-realm practicw.app */ = {isa = PBXFileReference; explicitFileType = wrapper.application; includeInIndex = 0; path = "SwiftUI-realm practicw.app"; sourceTree = BUILT_PRODUCTS_DIR; };
		B28583FA28160AB2006C8D33 /* SwiftUI_realm_practicwApp.swift */ = {isa = PBXFileReference; lastKnownFileType = sourcecode.swift; path = SwiftUI_realm_practicwApp.swift; sourceTree = "<group>"; };
		B28583FC28160AB2006C8D33 /* ContentView.swift */ = {isa = PBXFileReference; lastKnownFileType = sourcecode.swift; path = ContentView.swift; sourceTree = "<group>"; };
		B28583FE28160AB3006C8D33 /* Assets.xcassets */ = {isa = PBXFileReference; lastKnownFileType = folder.assetcatalog; path = Assets.xcassets; sourceTree = "<group>"; };
		B285840128160AB3006C8D33 /* Preview Assets.xcassets */ = {isa = PBXFileReference; lastKnownFileType = folder.assetcatalog; path = "Preview Assets.xcassets"; sourceTree = "<group>"; };
		B285840828160AC8006C8D33 /* model.swift */ = {isa = PBXFileReference; lastKnownFileType = sourcecode.swift; path = model.swift; sourceTree = "<group>"; };
		B285840F28160BA5006C8D33 /* ItemView.swift */ = {isa = PBXFileReference; lastKnownFileType = sourcecode.swift; path = ItemView.swift; sourceTree = "<group>"; };
		B285841128160BBD006C8D33 /* ItemRow.swift */ = {isa = PBXFileReference; lastKnownFileType = sourcecode.swift; path = ItemRow.swift; sourceTree = "<group>"; };
		B285841328160BE7006C8D33 /* ItemDetailsView.swift */ = {isa = PBXFileReference; lastKnownFileType = sourcecode.swift; path = ItemDetailsView.swift; sourceTree = "<group>"; };
/* End PBXFileReference section */

/* Begin PBXFrameworksBuildPhase section */
		B28583F428160AB2006C8D33 /* Frameworks */ = {
			isa = PBXFrameworksBuildPhase;
			buildActionMask = 2147483647;
			files = (
				B285840E28160B3B006C8D33 /* RealmSwift in Frameworks */,
				B285840C28160B3B006C8D33 /* Realm in Frameworks */,
			);
			runOnlyForDeploymentPostprocessing = 0;
		};
/* End PBXFrameworksBuildPhase section */

/* Begin PBXGroup section */
		B28583EE28160AB1006C8D33 = {
			isa = PBXGroup;
			children = (
				B28583F928160AB2006C8D33 /* SwiftUI-realm practicw */,
				B28583F828160AB2006C8D33 /* Products */,
			);
			sourceTree = "<group>";
		};
		B28583F828160AB2006C8D33 /* Products */ = {
			isa = PBXGroup;
			children = (
				B28583F728160AB2006C8D33 /* SwiftUI-realm practicw.app */,
			);
			name = Products;
			sourceTree = "<group>";
		};
		B28583F928160AB2006C8D33 /* SwiftUI-realm practicw */ = {
			isa = PBXGroup;
			children = (
				B28583FA28160AB2006C8D33 /* SwiftUI_realm_practicwApp.swift */,
				B28583FC28160AB2006C8D33 /* ContentView.swift */,
				B285840F28160BA5006C8D33 /* ItemView.swift */,
				B285840828160AC8006C8D33 /* model.swift */,
				B285841128160BBD006C8D33 /* ItemRow.swift */,
				B285841328160BE7006C8D33 /* ItemDetailsView.swift */,
				B28583FE28160AB3006C8D33 /* Assets.xcassets */,
				B285840028160AB3006C8D33 /* Preview Content */,
			);
			path = "SwiftUI-realm practicw";
			sourceTree = "<group>";
		};
		B285840028160AB3006C8D33 /* Preview Content */ = {
			isa = PBXGroup;
			children = (
				B285840128160AB3006C8D33 /* Preview Assets.xcassets */,
			);
			path = "Preview Content";
			sourceTree = "<group>";
		};
/* End PBXGroup section */

/* Begin PBXNativeTarget section */
		B28583F628160AB2006C8D33 /* SwiftUI-realm practicw */ = {
			isa = PBXNativeTarget;
			buildConfigurationList = B285840528160AB3006C8D33 /* Build configuration list for PBXNativeTarget "SwiftUI-realm practicw" */;
			buildPhases = (
				B28583F328160AB2006C8D33 /* Sources */,
				B28583F428160AB2006C8D33 /* Frameworks */,
				B28583F528160AB2006C8D33 /* Resources */,
			);
			buildRules = (
			);
			dependencies = (
			);
			name = "SwiftUI-realm practicw";
			packageProductDependencies = (
				B285840B28160B3B006C8D33 /* Realm */,
				B285840D28160B3B006C8D33 /* RealmSwift */,
			);
			productName = "SwiftUI-realm practicw";
			productReference = B28583F728160AB2006C8D33 /* SwiftUI-realm practicw.app */;
			productType = "com.apple.product-type.application";
		};
/* End PBXNativeTarget section */

/* Begin PBXProject section */
		B28583EF28160AB1006C8D33 /* Project object */ = {
			isa = PBXProject;
			attributes = {
				BuildIndependentTargetsInParallel = 1;
				LastSwiftUpdateCheck = 1330;
				LastUpgradeCheck = 1330;
				TargetAttributes = {
					B28583F628160AB2006C8D33 = {
						CreatedOnToolsVersion = 13.3.1;
					};
				};
			};
			buildConfigurationList = B28583F228160AB1006C8D33 /* Build configuration list for PBXProject "SwiftUI-realm practicw" */;
			compatibilityVersion = "Xcode 13.0";
			developmentRegion = en;
			hasScannedForEncodings = 0;
			knownRegions = (
				en,
				Base,
			);
			mainGroup = B28583EE28160AB1006C8D33;
			packageReferences = (
				B285840A28160B3B006C8D33 /* XCRemoteSwiftPackageReference "realm-swift" */,
			);
			productRefGroup = B28583F828160AB2006C8D33 /* Products */;
			projectDirPath = "";
			projectRoot = "";
			targets = (
				B28583F628160AB2006C8D33 /* SwiftUI-realm practicw */,
			);
		};
/* End PBXProject section */

/* Begin PBXResourcesBuildPhase section */
		B28583F528160AB2006C8D33 /* Resources */ = {
			isa = PBXResourcesBuildPhase;
			buildActionMask = 2147483647;
			files = (
				B285840228160AB3006C8D33 /* Preview Assets.xcassets in Resources */,
				B28583FF28160AB3006C8D33 /* Assets.xcassets in Resources */,
			);
			runOnlyForDeploymentPostprocessing = 0;
		};
/* End PBXResourcesBuildPhase section */

/* Begin PBXSourcesBuildPhase section */
		B28583F328160AB2006C8D33 /* Sources */ = {
			isa = PBXSourcesBuildPhase;
			buildActionMask = 2147483647;
			files = (
				B285841428160BE7006C8D33 /* ItemDetailsView.swift in Sources */,
				B28583FD28160AB2006C8D33 /* ContentView.swift in Sources */,
				B285840928160AC8006C8D33 /* model.swift in Sources */,
				B285841228160BBD006C8D33 /* ItemRow.swift in Sources */,
				B28583FB28160AB2006C8D33 /* SwiftUI_realm_practicwApp.swift in Sources */,
				B285841028160BA5006C8D33 /* ItemView.swift in Sources */,
			);
			runOnlyForDeploymentPostprocessing = 0;
		};
/* End PBXSourcesBuildPhase section */

/* Begin XCBuildConfiguration section */
		B285840328160AB3006C8D33 /* Debug */ = {
			isa = XCBuildConfiguration;
			buildSettings = {
				ALWAYS_SEARCH_USER_PATHS = NO;
				CLANG_ANALYZER_NONNULL = YES;
				CLANG_ANALYZER_NUMBER_OBJECT_CONVERSION = YES_AGGRESSIVE;
				CLANG_CXX_LANGUAGE_STANDARD = "gnu++17";
				CLANG_ENABLE_MODULES = YES;
				CLANG_ENABLE_OBJC_ARC = YES;
				CLANG_ENABLE_OBJC_WEAK = YES;
				CLANG_WARN_BLOCK_CAPTURE_AUTORELEASING = YES;
				CLANG_WARN_BOOL_CONVERSION = YES;
				CLANG_WARN_COMMA = YES;
				CLANG_WARN_CONSTANT_CONVERSION = YES;
				CLANG_WARN_DEPRECATED_OBJC_IMPLEMENTATIONS = YES;
				CLANG_WARN_DIRECT_OBJC_ISA_USAGE = YES_ERROR;
				CLANG_WARN_DOCUMENTATION_COMMENTS = YES;
				CLANG_WARN_EMPTY_BODY = YES;
				CLANG_WARN_ENUM_CONVERSION = YES;
				CLANG_WARN_INFINITE_RECURSION = YES;
				CLANG_WARN_INT_CONVERSION = YES;
				CLANG_WARN_NON_LITERAL_NULL_CONVERSION = YES;
				CLANG_WARN_OBJC_IMPLICIT_RETAIN_SELF = YES;
				CLANG_WARN_OBJC_LITERAL_CONVERSION = YES;
				CLANG_WARN_OBJC_ROOT_CLASS = YES_ERROR;
				CLANG_WARN_QUOTED_INCLUDE_IN_FRAMEWORK_HEADER = YES;
				CLANG_WARN_RANGE_LOOP_ANALYSIS = YES;
				CLANG_WARN_STRICT_PROTOTYPES = YES;
				CLANG_WARN_SUSPICIOUS_MOVE = YES;
				CLANG_WARN_UNGUARDED_AVAILABILITY = YES_AGGRESSIVE;
				CLANG_WARN_UNREACHABLE_CODE = YES;
				CLANG_WARN__DUPLICATE_METHOD_MATCH = YES;
				COPY_PHASE_STRIP = NO;
				DEBUG_INFORMATION_FORMAT = dwarf;
				ENABLE_STRICT_OBJC_MSGSEND = YES;
				ENABLE_TESTABILITY = YES;
				GCC_C_LANGUAGE_STANDARD = gnu11;
				GCC_DYNAMIC_NO_PIC = NO;
				GCC_NO_COMMON_BLOCKS = YES;
				GCC_OPTIMIZATION_LEVEL = 0;
				GCC_PREPROCESSOR_DEFINITIONS = (
					"DEBUG=1",
					"$(inherited)",
				);
				GCC_WARN_64_TO_32_BIT_CONVERSION = YES;
				GCC_WARN_ABOUT_RETURN_TYPE = YES_ERROR;
				GCC_WARN_UNDECLARED_SELECTOR = YES;
				GCC_WARN_UNINITIALIZED_AUTOS = YES_AGGRESSIVE;
				GCC_WARN_UNUSED_FUNCTION = YES;
				GCC_WARN_UNUSED_VARIABLE = YES;
				IPHONEOS_DEPLOYMENT_TARGET = 15.4;
				MTL_ENABLE_DEBUG_INFO = INCLUDE_SOURCE;
				MTL_FAST_MATH = YES;
				ONLY_ACTIVE_ARCH = YES;
				SDKROOT = iphoneos;
				SWIFT_ACTIVE_COMPILATION_CONDITIONS = DEBUG;
				SWIFT_OPTIMIZATION_LEVEL = "-Onone";
			};
			name = Debug;
		};
		B285840428160AB3006C8D33 /* Release */ = {
			isa = XCBuildConfiguration;
			buildSettings = {
				ALWAYS_SEARCH_USER_PATHS = NO;
				CLANG_ANALYZER_NONNULL = YES;
				CLANG_ANALYZER_NUMBER_OBJECT_CONVERSION = YES_AGGRESSIVE;
				CLANG_CXX_LANGUAGE_STANDARD = "gnu++17";
				CLANG_ENABLE_MODULES = YES;
				CLANG_ENABLE_OBJC_ARC = YES;
				CLANG_ENABLE_OBJC_WEAK = YES;
				CLANG_WARN_BLOCK_CAPTURE_AUTORELEASING = YES;
				CLANG_WARN_BOOL_CONVERSION = YES;
				CLANG_WARN_COMMA = YES;
				CLANG_WARN_CONSTANT_CONVERSION = YES;
				CLANG_WARN_DEPRECATED_OBJC_IMPLEMENTATIONS = YES;
				CLANG_WARN_DIRECT_OBJC_ISA_USAGE = YES_ERROR;
				CLANG_WARN_DOCUMENTATION_COMMENTS = YES;
				CLANG_WARN_EMPTY_BODY = YES;
				CLANG_WARN_ENUM_CONVERSION = YES;
				CLANG_WARN_INFINITE_RECURSION = YES;
				CLANG_WARN_INT_CONVERSION = YES;
				CLANG_WARN_NON_LITERAL_NULL_CONVERSION = YES;
				CLANG_WARN_OBJC_IMPLICIT_RETAIN_SELF = YES;
				CLANG_WARN_OBJC_LITERAL_CONVERSION = YES;
				CLANG_WARN_OBJC_ROOT_CLASS = YES_ERROR;
				CLANG_WARN_QUOTED_INCLUDE_IN_FRAMEWORK_HEADER = YES;
				CLANG_WARN_RANGE_LOOP_ANALYSIS = YES;
				CLANG_WARN_STRICT_PROTOTYPES = YES;
				CLANG_WARN_SUSPICIOUS_MOVE = YES;
				CLANG_WARN_UNGUARDED_AVAILABILITY = YES_AGGRESSIVE;
				CLANG_WARN_UNREACHABLE_CODE = YES;
				CLANG_WARN__DUPLICATE_METHOD_MATCH = YES;
				COPY_PHASE_STRIP = NO;
				DEBUG_INFORMATION_FORMAT = "dwarf-with-dsym";
				ENABLE_NS_ASSERTIONS = NO;
				ENABLE_STRICT_OBJC_MSGSEND = YES;
				GCC_C_LANGUAGE_STANDARD = gnu11;
				GCC_NO_COMMON_BLOCKS = YES;
				GCC_WARN_64_TO_32_BIT_CONVERSION = YES;
				GCC_WARN_ABOUT_RETURN_TYPE = YES_ERROR;
				GCC_WARN_UNDECLARED_SELECTOR = YES;
				GCC_WARN_UNINITIALIZED_AUTOS = YES_AGGRESSIVE;
				GCC_WARN_UNUSED_FUNCTION = YES;
				GCC_WARN_UNUSED_VARIABLE = YES;
				IPHONEOS_DEPLOYMENT_TARGET = 15.4;
				MTL_ENABLE_DEBUG_INFO = NO;
				MTL_FAST_MATH = YES;
				SDKROOT = iphoneos;
				SWIFT_COMPILATION_MODE = wholemodule;
				SWIFT_OPTIMIZATION_LEVEL = "-O";
				VALIDATE_PRODUCT = YES;
			};
			name = Release;
		};
		B285840628160AB3006C8D33 /* Debug */ = {
			isa = XCBuildConfiguration;
			buildSettings = {
				ASSETCATALOG_COMPILER_APPICON_NAME = AppIcon;
				ASSETCATALOG_COMPILER_GLOBAL_ACCENT_COLOR_NAME = AccentColor;
				CODE_SIGN_STYLE = Automatic;
				CURRENT_PROJECT_VERSION = 1;
				DEVELOPMENT_ASSET_PATHS = "\"SwiftUI-realm practicw/Preview Content\"";
				DEVELOPMENT_TEAM = 394Y786645;
				ENABLE_PREVIEWS = YES;
				GENERATE_INFOPLIST_FILE = YES;
				INFOPLIST_KEY_UIApplicationSceneManifest_Generation = YES;
				INFOPLIST_KEY_UIApplicationSupportsIndirectInputEvents = YES;
				INFOPLIST_KEY_UILaunchScreen_Generation = YES;
				INFOPLIST_KEY_UISupportedInterfaceOrientations_iPad = "UIInterfaceOrientationPortrait UIInterfaceOrientationPortraitUpsideDown UIInterfaceOrientationLandscapeLeft UIInterfaceOrientationLandscapeRight";
				INFOPLIST_KEY_UISupportedInterfaceOrientations_iPhone = "UIInterfaceOrientationPortrait UIInterfaceOrientationLandscapeLeft UIInterfaceOrientationLandscapeRight";
				LD_RUNPATH_SEARCH_PATHS = (
					"$(inherited)",
					"@executable_path/Frameworks",
				);
				MARKETING_VERSION = 1.0;
				PRODUCT_BUNDLE_IDENTIFIER = "com.yap.fengyuan.SwiftUI-realm-practicw";
				PRODUCT_NAME = "$(TARGET_NAME)";
				SWIFT_EMIT_LOC_STRINGS = YES;
				SWIFT_VERSION = 5.0;
				TARGETED_DEVICE_FAMILY = "1,2";
			};
			name = Debug;
		};
		B285840728160AB3006C8D33 /* Release */ = {
			isa = XCBuildConfiguration;
			buildSettings = {
				ASSETCATALOG_COMPILER_APPICON_NAME = AppIcon;
				ASSETCATALOG_COMPILER_GLOBAL_ACCENT_COLOR_NAME = AccentColor;
				CODE_SIGN_STYLE = Automatic;
				CURRENT_PROJECT_VERSION = 1;
				DEVELOPMENT_ASSET_PATHS = "\"SwiftUI-realm practicw/Preview Content\"";
				DEVELOPMENT_TEAM = 394Y786645;
				ENABLE_PREVIEWS = YES;
				GENERATE_INFOPLIST_FILE = YES;
				INFOPLIST_KEY_UIApplicationSceneManifest_Generation = YES;
				INFOPLIST_KEY_UIApplicationSupportsIndirectInputEvents = YES;
				INFOPLIST_KEY_UILaunchScreen_Generation = YES;
				INFOPLIST_KEY_UISupportedInterfaceOrientations_iPad = "UIInterfaceOrientationPortrait UIInterfaceOrientationPortraitUpsideDown UIInterfaceOrientationLandscapeLeft UIInterfaceOrientationLandscapeRight";
				INFOPLIST_KEY_UISupportedInterfaceOrientations_iPhone = "UIInterfaceOrientationPortrait UIInterfaceOrientationLandscapeLeft UIInterfaceOrientationLandscapeRight";
				LD_RUNPATH_SEARCH_PATHS = (
					"$(inherited)",
					"@executable_path/Frameworks",
				);
				MARKETING_VERSION = 1.0;
				PRODUCT_BUNDLE_IDENTIFIER = "com.yap.fengyuan.SwiftUI-realm-practicw";
				PRODUCT_NAME = "$(TARGET_NAME)";
				SWIFT_EMIT_LOC_STRINGS = YES;
				SWIFT_VERSION = 5.0;
				TARGETED_DEVICE_FAMILY = "1,2";
			};
			name = Release;
		};
/* End XCBuildConfiguration section */

/* Begin XCConfigurationList section */
		B28583F228160AB1006C8D33 /* Build configuration list for PBXProject "SwiftUI-realm practicw" */ = {
			isa = XCConfigurationList;
			buildConfigurations = (
				B285840328160AB3006C8D33 /* Debug */,
				B285840428160AB3006C8D33 /* Release */,
			);
			defaultConfigurationIsVisible = 0;
			defaultConfigurationName = Release;
		};
		B285840528160AB3006C8D33 /* Build configuration list for PBXNativeTarget "SwiftUI-realm practicw" */ = {
			isa = XCConfigurationList;
			buildConfigurations = (
				B285840628160AB3006C8D33 /* Debug */,
				B285840728160AB3006C8D33 /* Release */,
			);
			defaultConfigurationIsVisible = 0;
			defaultConfigurationName = Release;
		};
/* End XCConfigurationList section */

/* Begin XCRemoteSwiftPackageReference section */
		B285840A28160B3B006C8D33 /* XCRemoteSwiftPackageReference "realm-swift" */ = {
			isa = XCRemoteSwiftPackageReference;
			repositoryURL = "https://github.com/realm/realm-swift";
			requirement = {
				branch = master;
				kind = branch;
			};
		};
/* End XCRemoteSwiftPackageReference section */

/* Begin XCSwiftPackageProductDependency section */
		B285840B28160B3B006C8D33 /* Realm */ = {
			isa = XCSwiftPackageProductDependency;
			package = B285840A28160B3B006C8D33 /* XCRemoteSwiftPackageReference "realm-swift" */;
			productName = Realm;
		};
		B285840D28160B3B006C8D33 /* RealmSwift */ = {
			isa = XCSwiftPackageProductDependency;
			package = B285840A28160B3B006C8D33 /* XCRemoteSwiftPackageReference "realm-swift" */;
			productName = RealmSwift;
		};
/* End XCSwiftPackageProductDependency section */
	};
	rootObject = B28583EF28160AB1006C8D33 /* Project object */;
}
